
Microsoft Visual Studio Solution File, Format Version 12.00
# Visual Studio Version 17
VisualStudioVersion = 17.5.33530.505
MinimumVisualStudioVersion = 10.0.40219.1
Project("{2150E333-8FDC-42A3-9474-1A3956D46DE8}") = "5_1", "5_1", "{C3C25304-062D-478A-BA15-AC8C20B5712D}"
EndProject
Project("{8BC9CEB8-8B4A-11D0-8D11-00A0C91BC942}") = "5_1_a", "5_1_a\5_1_a.vcxproj", "{35B6BFFD-620E-4F25-AE07-287E84F803BD}"
EndProject
Project("{8BC9CEB8-8B4A-11D0-8D11-00A0C91BC942}") = "5_1_b", "5_1_b\5_1_b.vcxproj", "{22213466-5A87-429C-9597-C031E2201F1D}"
EndProject
Project("{8BC9CEB8-8B4A-11D0-8D11-00A0C91BC942}") = "5_1_c", "5_1_c\5_1_c.vcxproj", "{0781EEEB-E0E4-48B3-892B-1131CE860CF8}"
EndProject
Project("{2150E333-8FDC-42A3-9474-1A3956D46DE8}") = "5_2", "5_2", "{6A279479-8E2E-4240-B2A8-316F2C8EC47E}"
EndProject
Project("{8BC9CEB8-8B4A-11D0-8D11-00A0C91BC942}") = "5_2", "5_2\5_2.vcxproj", "{AA81378E-C2F4-407F-A542-4E518458F6A1}"
EndProject
Project("{2150E333-8FDC-42A3-9474-1A3956D46DE8}") = "6_1", "6_1", "{52F5D82E-63E0-4018-9AAA-3C46A185D8C9}"
EndProject
Project("{8BC9CEB8-8B4A-11D0-8D11-00A0C91BC942}") = "6_1", "6_1\6_1.vcxproj", "{84AD0466-46BF-4390-BFF0-87B7F5A986CC}"
EndProject
Project("{2150E333-8FDC-42A3-9474-1A3956D46DE8}") = "6_2", "6_2", "{5C07A081-51D0-4E01-843E-415FB85C7B76}"
EndProject
Project("{8BC9CEB8-8B4A-11D0-8D11-00A0C91BC942}") = "6_2", "6_2\6_2.vcxproj", "{A668C41A-1248-4C0C-ABF7-974658A7D1CD}"
EndProject
Project("{2150E333-8FDC-42A3-9474-1A3956D46DE8}") = "7_1", "7_1", "{FEFC4592-C18B-4FD2-A853-D9F3795351A8}"
EndProject
Project("{8BC9CEB8-8B4A-11D0-8D11-00A0C91BC942}") = "7_1", "7_1\7_1.vcxproj", "{5C5B8809-02BE-429C-9237-23412D18473B}"
EndProject
Project("{2150E333-8FDC-42A3-9474-1A3956D46DE8}") = "7_2", "7_2", "{96FF5363-609D-4487-85C8-048088953AD5}"
EndProject
Project("{8BC9CEB8-8B4A-11D0-8D11-00A0C91BC942}") = "7_2", "7_2\7_2.vcxproj", "{37F6DF28-E16D-4AE7-A6BA-63F9C9081206}"
EndProject
Project("{2150E333-8FDC-42A3-9474-1A3956D46DE8}") = "8_2", "8_2", "{946F3756-D1F0-425C-B588-9644A15E6B32}"
EndProject
Project("{8BC9CEB8-8B4A-11D0-8D11-00A0C91BC942}") = "8_2", "8_2\8_2.vcxproj", "{64C39C5E-4662-4699-80E1-122E80C7EA8A}"
EndProject
Project("{2150E333-8FDC-42A3-9474-1A3956D46DE8}") = "8_1", "8_1", "{60AF2EE9-A84C-45FA-A90A-9D1E913FD9E5}"
EndProject
Project("{8BC9CEB8-8B4A-11D0-8D11-00A0C91BC942}") = "8_1_a", "8_1_a\8_1_a.vcxproj", "{EAED4B4C-52FC-4F74-BAFC-219E676A6C67}"
EndProject
Project("{8BC9CEB8-8B4A-11D0-8D11-00A0C91BC942}") = "8_1_b", "8_1_b\8_1_b.vcxproj", "{2667872A-FAE0-4183-B0BD-771CD43ADACB}"
EndProject
Global
	GlobalSection(SolutionConfigurationPlatforms) = preSolution
		Debug|x64 = Debug|x64
		Debug|x86 = Debug|x86
		Release|x64 = Release|x64
		Release|x86 = Release|x86
	EndGlobalSection
	GlobalSection(ProjectConfigurationPlatforms) = postSolution
		{35B6BFFD-620E-4F25-AE07-287E84F803BD}.Debug|x64.ActiveCfg = Debug|x64
		{35B6BFFD-620E-4F25-AE07-287E84F803BD}.Debug|x64.Build.0 = Debug|x64
		{35B6BFFD-620E-4F25-AE07-287E84F803BD}.Debug|x86.ActiveCfg = Debug|Win32
		{35B6BFFD-620E-4F25-AE07-287E84F803BD}.Debug|x86.Build.0 = Debug|Win32
		{35B6BFFD-620E-4F25-AE07-287E84F803BD}.Release|x64.ActiveCfg = Release|x64
		{35B6BFFD-620E-4F25-AE07-287E84F803BD}.Release|x64.Build.0 = Release|x64
		{35B6BFFD-620E-4F25-AE07-287E84F803BD}.Release|x86.ActiveCfg = Release|Win32
		{35B6BFFD-620E-4F25-AE07-287E84F803BD}.Release|x86.Build.0 = Release|Win32
		{22213466-5A87-429C-9597-C031E2201F1D}.Debug|x64.ActiveCfg = Debug|x64
		{22213466-5A87-429C-9597-C031E2201F1D}.Debug|x64.Build.0 = Debug|x64
		{22213466-5A87-429C-9597-C031E2201F1D}.Debug|x86.ActiveCfg = Debug|Win32
		{22213466-5A87-429C-9597-C031E2201F1D}.Debug|x86.Build.0 = Debug|Win32
		{22213466-5A87-429C-9597-C031E2201F1D}.Release|x64.ActiveCfg = Release|x64
		{22213466-5A87-429C-9597-C031E2201F1D}.Release|x64.Build.0 = Release|x64
		{22213466-5A87-429C-9597-C031E2201F1D}.Release|x86.ActiveCfg = Release|Win32
		{22213466-5A87-429C-9597-C031E2201F1D}.Release|x86.Build.0 = Release|Win32
		{0781EEEB-E0E4-48B3-892B-1131CE860CF8}.Debug|x64.ActiveCfg = Debug|x64
		{0781EEEB-E0E4-48B3-892B-1131CE860CF8}.Debug|x64.Build.0 = Debug|x64
		{0781EEEB-E0E4-48B3-892B-1131CE860CF8}.Debug|x86.ActiveCfg = Debug|Win32
		{0781EEEB-E0E4-48B3-892B-1131CE860CF8}.Debug|x86.Build.0 = Debug|Win32
		{0781EEEB-E0E4-48B3-892B-1131CE860CF8}.Release|x64.ActiveCfg = Release|x64
		{0781EEEB-E0E4-48B3-892B-1131CE860CF8}.Release|x64.Build.0 = Release|x64
		{0781EEEB-E0E4-48B3-892B-1131CE860CF8}.Release|x86.ActiveCfg = Release|Win32
		{0781EEEB-E0E4-48B3-892B-1131CE860CF8}.Release|x86.Build.0 = Release|Win32
		{AA81378E-C2F4-407F-A542-4E518458F6A1}.Debug|x64.ActiveCfg = Debug|x64
		{AA81378E-C2F4-407F-A542-4E518458F6A1}.Debug|x64.Build.0 = Debug|x64
		{AA81378E-C2F4-407F-A542-4E518458F6A1}.Debug|x86.ActiveCfg = Debug|Win32
		{AA81378E-C2F4-407F-A542-4E518458F6A1}.Debug|x86.Build.0 = Debug|Win32
		{AA81378E-C2F4-407F-A542-4E518458F6A1}.Release|x64.ActiveCfg = Release|x64
		{AA81378E-C2F4-407F-A542-4E518458F6A1}.Release|x64.Build.0 = Release|x64
		{AA81378E-C2F4-407F-A542-4E518458F6A1}.Release|x86.ActiveCfg = Release|Win32
		{AA81378E-C2F4-407F-A542-4E518458F6A1}.Release|x86.Build.0 = Release|Win32
		{84AD0466-46BF-4390-BFF0-87B7F5A986CC}.Debug|x64.ActiveCfg = Debug|x64
		{84AD0466-46BF-4390-BFF0-87B7F5A986CC}.Debug|x64.Build.0 = Debug|x64
		{84AD0466-46BF-4390-BFF0-87B7F5A986CC}.Debug|x86.ActiveCfg = Debug|Win32
		{84AD0466-46BF-4390-BFF0-87B7F5A986CC}.Debug|x86.Build.0 = Debug|Win32
		{84AD0466-46BF-4390-BFF0-87B7F5A986CC}.Release|x64.ActiveCfg = Release|x64
		{84AD0466-46BF-4390-BFF0-87B7F5A986CC}.Release|x64.Build.0 = Release|x64
		{84AD0466-46BF-4390-BFF0-87B7F5A986CC}.Release|x86.ActiveCfg = Release|Win32
		{84AD0466-46BF-4390-BFF0-87B7F5A986CC}.Release|x86.Build.0 = Release|Win32
		{A668C41A-1248-4C0C-ABF7-974658A7D1CD}.Debug|x64.ActiveCfg = Debug|x64
		{A668C41A-1248-4C0C-ABF7-974658A7D1CD}.Debug|x64.Build.0 = Debug|x64
		{A668C41A-1248-4C0C-ABF7-974658A7D1CD}.Debug|x86.ActiveCfg = Debug|Win32
		{A668C41A-1248-4C0C-ABF7-974658A7D1CD}.Debug|x86.Build.0 = Debug|Win32
		{A668C41A-1248-4C0C-ABF7-974658A7D1CD}.Release|x64.ActiveCfg = Release|x64
		{A668C41A-1248-4C0C-ABF7-974658A7D1CD}.Release|x64.Build.0 = Release|x64
		{A668C41A-1248-4C0C-ABF7-974658A7D1CD}.Release|x86.ActiveCfg = Release|Win32
		{A668C41A-1248-4C0C-ABF7-974658A7D1CD}.Release|x86.Build.0 = Release|Win32
		{5C5B8809-02BE-429C-9237-23412D18473B}.Debug|x64.ActiveCfg = Debug|x64
		{5C5B8809-02BE-429C-9237-23412D18473B}.Debug|x64.Build.0 = Debug|x64
		{5C5B8809-02BE-429C-9237-23412D18473B}.Debug|x86.ActiveCfg = Debug|Win32
		{5C5B8809-02BE-429C-9237-23412D18473B}.Debug|x86.Build.0 = Debug|Win32
		{5C5B8809-02BE-429C-9237-23412D18473B}.Release|x64.ActiveCfg = Release|x64
		{5C5B8809-02BE-429C-9237-23412D18473B}.Release|x64.Build.0 = Release|x64
		{5C5B8809-02BE-429C-9237-23412D18473B}.Release|x86.ActiveCfg = Release|Win32
		{5C5B8809-02BE-429C-9237-23412D18473B}.Release|x86.Build.0 = Release|Win32
		{37F6DF28-E16D-4AE7-A6BA-63F9C9081206}.Debug|x64.ActiveCfg = Debug|x64
		{37F6DF28-E16D-4AE7-A6BA-63F9C9081206}.Debug|x64.Build.0 = Debug|x64
		{37F6DF28-E16D-4AE7-A6BA-63F9C9081206}.Debug|x86.ActiveCfg = Debug|Win32
		{37F6DF28-E16D-4AE7-A6BA-63F9C9081206}.Debug|x86.Build.0 = Debug|Win32
		{37F6DF28-E16D-4AE7-A6BA-63F9C9081206}.Release|x64.ActiveCfg = Release|x64
		{37F6DF28-E16D-4AE7-A6BA-63F9C9081206}.Release|x64.Build.0 = Release|x64
		{37F6DF28-E16D-4AE7-A6BA-63F9C9081206}.Release|x86.ActiveCfg = Release|Win32
		{37F6DF28-E16D-4AE7-A6BA-63F9C9081206}.Release|x86.Build.0 = Release|Win32
		{64C39C5E-4662-4699-80E1-122E80C7EA8A}.Debug|x64.ActiveCfg = Debug|x64
		{64C39C5E-4662-4699-80E1-122E80C7EA8A}.Debug|x64.Build.0 = Debug|x64
		{64C39C5E-4662-4699-80E1-122E80C7EA8A}.Debug|x86.ActiveCfg = Debug|Win32
		{64C39C5E-4662-4699-80E1-122E80C7EA8A}.Debug|x86.Build.0 = Debug|Win32
		{64C39C5E-4662-4699-80E1-122E80C7EA8A}.Release|x64.ActiveCfg = Release|x64
		{64C39C5E-4662-4699-80E1-122E80C7EA8A}.Release|x64.Build.0 = Release|x64
		{64C39C5E-4662-4699-80E1-122E80C7EA8A}.Release|x86.ActiveCfg = Release|Win32
		{64C39C5E-4662-4699-80E1-122E80C7EA8A}.Release|x86.Build.0 = Release|Win32
		{EAED4B4C-52FC-4F74-BAFC-219E676A6C67}.Debug|x64.ActiveCfg = Debug|x64
		{EAED4B4C-52FC-4F74-BAFC-219E676A6C67}.Debug|x64.Build.0 = Debug|x64
		{EAED4B4C-52FC-4F74-BAFC-219E676A6C67}.Debug|x86.ActiveCfg = Debug|Win32
		{EAED4B4C-52FC-4F74-BAFC-219E676A6C67}.Debug|x86.Build.0 = Debug|Win32
		{EAED4B4C-52FC-4F74-BAFC-219E676A6C67}.Release|x64.ActiveCfg = Release|x64
		{EAED4B4C-52FC-4F74-BAFC-219E676A6C67}.Release|x64.Build.0 = Release|x64
		{EAED4B4C-52FC-4F74-BAFC-219E676A6C67}.Release|x86.ActiveCfg = Release|Win32
		{EAED4B4C-52FC-4F74-BAFC-219E676A6C67}.Release|x86.Build.0 = Release|Win32
		{2667872A-FAE0-4183-B0BD-771CD43ADACB}.Debug|x64.ActiveCfg = Debug|x64
		{2667872A-FAE0-4183-B0BD-771CD43ADACB}.Debug|x64.Build.0 = Debug|x64
		{2667872A-FAE0-4183-B0BD-771CD43ADACB}.Debug|x86.ActiveCfg = Debug|Win32
		{2667872A-FAE0-4183-B0BD-771CD43ADACB}.Debug|x86.Build.0 = Debug|Win32
		{2667872A-FAE0-4183-B0BD-771CD43ADACB}.Release|x64.ActiveCfg = Release|x64
		{2667872A-FAE0-4183-B0BD-771CD43ADACB}.Release|x64.Build.0 = Release|x64
		{2667872A-FAE0-4183-B0BD-771CD43ADACB}.Release|x86.ActiveCfg = Release|Win32
		{2667872A-FAE0-4183-B0BD-771CD43ADACB}.Release|x86.Build.0 = Release|Win32
	EndGlobalSection
	GlobalSection(SolutionProperties) = preSolution
		HideSolutionNode = FALSE
	EndGlobalSection
	GlobalSection(NestedProjects) = preSolution
		{35B6BFFD-620E-4F25-AE07-287E84F803BD} = {C3C25304-062D-478A-BA15-AC8C20B5712D}
		{22213466-5A87-429C-9597-C031E2201F1D} = {C3C25304-062D-478A-BA15-AC8C20B5712D}
		{0781EEEB-E0E4-48B3-892B-1131CE860CF8} = {C3C25304-062D-478A-BA15-AC8C20B5712D}
		{AA81378E-C2F4-407F-A542-4E518458F6A1} = {6A279479-8E2E-4240-B2A8-316F2C8EC47E}
		{84AD0466-46BF-4390-BFF0-87B7F5A986CC} = {52F5D82E-63E0-4018-9AAA-3C46A185D8C9}
		{A668C41A-1248-4C0C-ABF7-974658A7D1CD} = {5C07A081-51D0-4E01-843E-415FB85C7B76}
		{5C5B8809-02BE-429C-9237-23412D18473B} = {FEFC4592-C18B-4FD2-A853-D9F3795351A8}
		{37F6DF28-E16D-4AE7-A6BA-63F9C9081206} = {96FF5363-609D-4487-85C8-048088953AD5}
		{64C39C5E-4662-4699-80E1-122E80C7EA8A} = {946F3756-D1F0-425C-B588-9644A15E6B32}
		{EAED4B4C-52FC-4F74-BAFC-219E676A6C67} = {60AF2EE9-A84C-45FA-A90A-9D1E913FD9E5}
		{2667872A-FAE0-4183-B0BD-771CD43ADACB} = {60AF2EE9-A84C-45FA-A90A-9D1E913FD9E5}
	EndGlobalSection
	GlobalSection(ExtensibilityGlobals) = postSolution
		SolutionGuid = {CEC88C8A-7677-4D62-8449-47283595343A}
	EndGlobalSection
EndGlobal
